
Microsoft Visual Studio Solution File, Format Version 12.00
# Visual Studio Version 17
VisualStudioVersion = 17.9.34728.123
MinimumVisualStudioVersion = 10.0.40219.1
Project("{FAE04EC0-301F-11D3-BF4B-00C04F79EFBC}") = "Hebereke_Enjoy_Edition_Extractor", "Hebereke_Enjoy_Edition_Extractor\Hebereke_Enjoy_Edition_Extractor.csproj", "{797D132A-00EE-42A2-B99A-F16914E553A9}"
EndProject
Global
	GlobalSection(SolutionConfigurationPlatforms) = preSolution
		Debug|Any CPU = Debug|Any CPU
		Release|Any CPU = Release|Any CPU
	EndGlobalSection
	GlobalSection(ProjectConfigurationPlatforms) = postSolution
		{797D132A-00EE-42A2-B99A-F16914E553A9}.Debug|Any CPU.ActiveCfg = Debug|Any CPU
		{797D132A-00EE-42A2-B99A-F16914E553A9}.Debug|Any CPU.Build.0 = Debug|Any CPU
		{797D132A-00EE-42A2-B99A-F16914E553A9}.Release|Any CPU.ActiveCfg = Release|Any CPU
		{797D132A-00EE-42A2-B99A-F16914E553A9}.Release|Any CPU.Build.0 = Release|Any CPU
	EndGlobalSection
	GlobalSection(SolutionProperties) = preSolution
		HideSolutionNode = FALSE
	EndGlobalSection
	GlobalSection(ExtensibilityGlobals) = postSolution
		SolutionGuid = {CC710021-B8EE-49CF-A6AC-A8528F1E6155}
	EndGlobalSection
EndGlobal
